
Microsoft Visual Studio Solution File, Format Version 12.00
# Visual Studio Version 16
VisualStudioVersion = 16.0.31005.135
MinimumVisualStudioVersion = 10.0.40219.1
Project("{FAE04EC0-301F-11D3-BF4B-00C04F79EFBC}") = "BlazorPractice", "BlazorPractice\BlazorPractice.csproj", "{B6234DEC-E410-482E-B56B-E32B735F09C6}"
EndProject
Global
	GlobalSection(SolutionConfigurationPlatforms) = preSolution
		Debug|Any CPU = Debug|Any CPU
		Release|Any CPU = Release|Any CPU
	EndGlobalSection
	GlobalSection(ProjectConfigurationPlatforms) = postSolution
		{B6234DEC-E410-482E-B56B-E32B735F09C6}.Debug|Any CPU.ActiveCfg = Debug|Any CPU
		{B6234DEC-E410-482E-B56B-E32B735F09C6}.Debug|Any CPU.Build.0 = Debug|Any CPU
		{B6234DEC-E410-482E-B56B-E32B735F09C6}.Release|Any CPU.ActiveCfg = Release|Any CPU
		{B6234DEC-E410-482E-B56B-E32B735F09C6}.Release|Any CPU.Build.0 = Release|Any CPU
	EndGlobalSection
	GlobalSection(SolutionProperties) = preSolution
		HideSolutionNode = FALSE
	EndGlobalSection
	GlobalSection(ExtensibilityGlobals) = postSolution
		SolutionGuid = {E591401C-0505-48E4-AE1C-0D8335C391F9}
	EndGlobalSection
EndGlobal
